
Microsoft Visual Studio Solution File, Format Version 12.00
Project("{FAE04EC0-301F-11D3-BF4B-00C04F79EFBC}") = "ReferenceSwitcher.Tool", "ReferenceSwitcher.Tool\ReferenceSwitcher.Tool.csproj", "{4DA67C47-5ED2-42E7-8457-5AAA73CF3E95}"
EndProject
Project("{FAE04EC0-301F-11D3-BF4B-00C04F79EFBC}") = "ReferenceSwitcher.Tool.Tests", "ReferenceSwitcher.Tool.Tests\ReferenceSwitcher.Tool.Tests.csproj", "{75938D13-68EC-4163-A771-373F6B57902A}"
EndProject
Global
	GlobalSection(SolutionConfigurationPlatforms) = preSolution
		Debug|Any CPU = Debug|Any CPU
		Release|Any CPU = Release|Any CPU
	EndGlobalSection
	GlobalSection(ProjectConfigurationPlatforms) = postSolution
		{4DA67C47-5ED2-42E7-8457-5AAA73CF3E95}.Debug|Any CPU.ActiveCfg = Debug|Any CPU
		{4DA67C47-5ED2-42E7-8457-5AAA73CF3E95}.Debug|Any CPU.Build.0 = Debug|Any CPU
		{4DA67C47-5ED2-42E7-8457-5AAA73CF3E95}.Release|Any CPU.ActiveCfg = Release|Any CPU
		{4DA67C47-5ED2-42E7-8457-5AAA73CF3E95}.Release|Any CPU.Build.0 = Release|Any CPU
		{75938D13-68EC-4163-A771-373F6B57902A}.Debug|Any CPU.ActiveCfg = Debug|Any CPU
		{75938D13-68EC-4163-A771-373F6B57902A}.Debug|Any CPU.Build.0 = Debug|Any CPU
		{75938D13-68EC-4163-A771-373F6B57902A}.Release|Any CPU.ActiveCfg = Release|Any CPU
		{75938D13-68EC-4163-A771-373F6B57902A}.Release|Any CPU.Build.0 = Release|Any CPU
	EndGlobalSection
EndGlobal
